
Microsoft Visual Studio Solution File, Format Version 12.00
# Visual Studio Version 17
VisualStudioVersion = 17.9.34728.123
MinimumVisualStudioVersion = 10.0.40219.1
Project("{2150E333-8FDC-42A3-9474-1A3956D46DE8}") = "DataStructures", "DataStructures", "{E091BDD8-E684-450D-B23E-CA4A25E4D6C2}"
EndProject
Project("{9A19103F-16F7-4668-BE54-9A1E7A4F7556}") = "LinkedList", "LinkedList\LinkedList.csproj", "{85DE306C-F633-4A62-BF66-E74DEC47EECB}"
EndProject
Project("{9A19103F-16F7-4668-BE54-9A1E7A4F7556}") = "Stack", "Stack\Stack.csproj", "{83007895-030D-4AB3-9924-7417212F51CE}"
EndProject
Project("{2150E333-8FDC-42A3-9474-1A3956D46DE8}") = "Linear", "Linear", "{E2691A45-6B96-411C-AD28-C2584096E53C}"
EndProject
Project("{FAE04EC0-301F-11D3-BF4B-00C04F79EFBC}") = "Queue", "Queue\Queue.csproj", "{69F31EF3-360F-4C3B-914F-9D8C9E0BB9D9}"
EndProject
Project("{FAE04EC0-301F-11D3-BF4B-00C04F79EFBC}") = "Deque", "Deque\Deque.csproj", "{4AE8CE0A-28ED-4FC8-A486-08489C18B79B}"
EndProject
Project("{2150E333-8FDC-42A3-9474-1A3956D46DE8}") = "NonLinear", "NonLinear", "{CA8487FB-4AB7-4B4E-9ADD-7DD9FD567FF8}"
EndProject
Project("{FAE04EC0-301F-11D3-BF4B-00C04F79EFBC}") = "BinaryTree", "BinaryTree\BinaryTree.csproj", "{D40F45D2-FDD0-47F2-9FBE-D21D8549F0FF}"
EndProject
Project("{FAE04EC0-301F-11D3-BF4B-00C04F79EFBC}") = "Graph", "Graph\Graph.csproj", "{184E880D-FAB3-4E5B-9DB7-54C307C90A63}"
EndProject
Project("{FAE04EC0-301F-11D3-BF4B-00C04F79EFBC}") = "ChainOfResponsibility", "..\mdk01.01\ChainOfResponsibility\ChainOfResponsibility.csproj", "{9F6C8A72-8963-42B3-8F7D-A6FB653FD4E7}"
EndProject
Project("{FAE04EC0-301F-11D3-BF4B-00C04F79EFBC}") = "StatePattern", "..\mdk01.01\StatePattern\StatePattern.csproj", "{922CBA80-5747-4F14-A965-8D41AB666E89}"
EndProject
Project("{FAE04EC0-301F-11D3-BF4B-00C04F79EFBC}") = "TemplateMethod", "..\mdk01.01\TemplateMethod\TemplateMethod.csproj", "{DE96522A-5ABD-4AC9-A25E-2F9786024C8C}"
EndProject
Global
	GlobalSection(SolutionConfigurationPlatforms) = preSolution
		Debug|Any CPU = Debug|Any CPU
		Release|Any CPU = Release|Any CPU
	EndGlobalSection
	GlobalSection(ProjectConfigurationPlatforms) = postSolution
		{85DE306C-F633-4A62-BF66-E74DEC47EECB}.Debug|Any CPU.ActiveCfg = Debug|Any CPU
		{85DE306C-F633-4A62-BF66-E74DEC47EECB}.Debug|Any CPU.Build.0 = Debug|Any CPU
		{85DE306C-F633-4A62-BF66-E74DEC47EECB}.Release|Any CPU.ActiveCfg = Release|Any CPU
		{85DE306C-F633-4A62-BF66-E74DEC47EECB}.Release|Any CPU.Build.0 = Release|Any CPU
		{83007895-030D-4AB3-9924-7417212F51CE}.Debug|Any CPU.ActiveCfg = Debug|Any CPU
		{83007895-030D-4AB3-9924-7417212F51CE}.Debug|Any CPU.Build.0 = Debug|Any CPU
		{83007895-030D-4AB3-9924-7417212F51CE}.Release|Any CPU.ActiveCfg = Release|Any CPU
		{83007895-030D-4AB3-9924-7417212F51CE}.Release|Any CPU.Build.0 = Release|Any CPU
		{69F31EF3-360F-4C3B-914F-9D8C9E0BB9D9}.Debug|Any CPU.ActiveCfg = Debug|Any CPU
		{69F31EF3-360F-4C3B-914F-9D8C9E0BB9D9}.Debug|Any CPU.Build.0 = Debug|Any CPU
		{69F31EF3-360F-4C3B-914F-9D8C9E0BB9D9}.Release|Any CPU.ActiveCfg = Release|Any CPU
		{69F31EF3-360F-4C3B-914F-9D8C9E0BB9D9}.Release|Any CPU.Build.0 = Release|Any CPU
		{4AE8CE0A-28ED-4FC8-A486-08489C18B79B}.Debug|Any CPU.ActiveCfg = Debug|Any CPU
		{4AE8CE0A-28ED-4FC8-A486-08489C18B79B}.Debug|Any CPU.Build.0 = Debug|Any CPU
		{4AE8CE0A-28ED-4FC8-A486-08489C18B79B}.Release|Any CPU.ActiveCfg = Release|Any CPU
		{4AE8CE0A-28ED-4FC8-A486-08489C18B79B}.Release|Any CPU.Build.0 = Release|Any CPU
		{D40F45D2-FDD0-47F2-9FBE-D21D8549F0FF}.Debug|Any CPU.ActiveCfg = Debug|Any CPU
		{D40F45D2-FDD0-47F2-9FBE-D21D8549F0FF}.Debug|Any CPU.Build.0 = Debug|Any CPU
		{D40F45D2-FDD0-47F2-9FBE-D21D8549F0FF}.Release|Any CPU.ActiveCfg = Release|Any CPU
		{D40F45D2-FDD0-47F2-9FBE-D21D8549F0FF}.Release|Any CPU.Build.0 = Release|Any CPU
		{184E880D-FAB3-4E5B-9DB7-54C307C90A63}.Debug|Any CPU.ActiveCfg = Debug|Any CPU
		{184E880D-FAB3-4E5B-9DB7-54C307C90A63}.Debug|Any CPU.Build.0 = Debug|Any CPU
		{184E880D-FAB3-4E5B-9DB7-54C307C90A63}.Release|Any CPU.ActiveCfg = Release|Any CPU
		{184E880D-FAB3-4E5B-9DB7-54C307C90A63}.Release|Any CPU.Build.0 = Release|Any CPU
		{9F6C8A72-8963-42B3-8F7D-A6FB653FD4E7}.Debug|Any CPU.ActiveCfg = Debug|Any CPU
		{9F6C8A72-8963-42B3-8F7D-A6FB653FD4E7}.Debug|Any CPU.Build.0 = Debug|Any CPU
		{9F6C8A72-8963-42B3-8F7D-A6FB653FD4E7}.Release|Any CPU.ActiveCfg = Release|Any CPU
		{9F6C8A72-8963-42B3-8F7D-A6FB653FD4E7}.Release|Any CPU.Build.0 = Release|Any CPU
		{922CBA80-5747-4F14-A965-8D41AB666E89}.Debug|Any CPU.ActiveCfg = Debug|Any CPU
		{922CBA80-5747-4F14-A965-8D41AB666E89}.Debug|Any CPU.Build.0 = Debug|Any CPU
		{922CBA80-5747-4F14-A965-8D41AB666E89}.Release|Any CPU.ActiveCfg = Release|Any CPU
		{922CBA80-5747-4F14-A965-8D41AB666E89}.Release|Any CPU.Build.0 = Release|Any CPU
		{DE96522A-5ABD-4AC9-A25E-2F9786024C8C}.Debug|Any CPU.ActiveCfg = Debug|Any CPU
		{DE96522A-5ABD-4AC9-A25E-2F9786024C8C}.Debug|Any CPU.Build.0 = Debug|Any CPU
		{DE96522A-5ABD-4AC9-A25E-2F9786024C8C}.Release|Any CPU.ActiveCfg = Release|Any CPU
		{DE96522A-5ABD-4AC9-A25E-2F9786024C8C}.Release|Any CPU.Build.0 = Release|Any CPU
	EndGlobalSection
	GlobalSection(SolutionProperties) = preSolution
		HideSolutionNode = FALSE
	EndGlobalSection
	GlobalSection(NestedProjects) = preSolution
		{85DE306C-F633-4A62-BF66-E74DEC47EECB} = {E2691A45-6B96-411C-AD28-C2584096E53C}
		{83007895-030D-4AB3-9924-7417212F51CE} = {E2691A45-6B96-411C-AD28-C2584096E53C}
		{E2691A45-6B96-411C-AD28-C2584096E53C} = {E091BDD8-E684-450D-B23E-CA4A25E4D6C2}
		{69F31EF3-360F-4C3B-914F-9D8C9E0BB9D9} = {E2691A45-6B96-411C-AD28-C2584096E53C}
		{4AE8CE0A-28ED-4FC8-A486-08489C18B79B} = {E2691A45-6B96-411C-AD28-C2584096E53C}
		{CA8487FB-4AB7-4B4E-9ADD-7DD9FD567FF8} = {E091BDD8-E684-450D-B23E-CA4A25E4D6C2}
		{D40F45D2-FDD0-47F2-9FBE-D21D8549F0FF} = {CA8487FB-4AB7-4B4E-9ADD-7DD9FD567FF8}
		{184E880D-FAB3-4E5B-9DB7-54C307C90A63} = {CA8487FB-4AB7-4B4E-9ADD-7DD9FD567FF8}
	EndGlobalSection
	GlobalSection(ExtensibilityGlobals) = postSolution
		SolutionGuid = {18E3F07F-6066-4F71-A87A-0991B0D1CD07}
	EndGlobalSection
EndGlobal
